// !$*UTF8*$!
{
	archiveVersion = 1;
	classes = {
	};
	objectVersion = 46;
	objects = {

/* Begin PBXBuildFile section */
		7806813B1E4FA01A00826799 /* AppDelegate.swift in Sources */ = {isa = PBXBuildFile; fileRef = 7806813A1E4FA01A00826799 /* AppDelegate.swift */; };
		7806813D1E4FA01A00826799 /* ViewController.swift in Sources */ = {isa = PBXBuildFile; fileRef = 7806813C1E4FA01A00826799 /* ViewController.swift */; };
		780681401E4FA01A00826799 /* Main.storyboard in Resources */ = {isa = PBXBuildFile; fileRef = 7806813E1E4FA01A00826799 /* Main.storyboard */; };
		780681421E4FA01A00826799 /* Assets.xcassets in Resources */ = {isa = PBXBuildFile; fileRef = 780681411E4FA01A00826799 /* Assets.xcassets */; };
		780681451E4FA01A00826799 /* LaunchScreen.storyboard in Resources */ = {isa = PBXBuildFile; fileRef = 780681431E4FA01A00826799 /* LaunchScreen.storyboard */; };
/* End PBXBuildFile section */

/* Begin PBXFileReference section */
		780681371E4FA01A00826799 /* OftenWorld.app */ = {isa = PBXFileReference; explicitFileType = wrapper.application; includeInIndex = 0; path = OftenWorld.app; sourceTree = BUILT_PRODUCTS_DIR; };
		7806813A1E4FA01A00826799 /* AppDelegate.swift */ = {isa = PBXFileReference; lastKnownFileType = sourcecode.swift; path = AppDelegate.swift; sourceTree = "<group>"; };
		7806813C1E4FA01A00826799 /* ViewController.swift */ = {isa = PBXFileReference; lastKnownFileType = sourcecode.swift; path = ViewController.swift; sourceTree = "<group>"; };
		7806813F1E4FA01A00826799 /* Base */ = {isa = PBXFileReference; lastKnownFileType = file.storyboard; name = Base; path = Base.lproj/Main.storyboard; sourceTree = "<group>"; };
		780681411E4FA01A00826799 /* Assets.xcassets */ = {isa = PBXFileReference; lastKnownFileType = folder.assetcatalog; path = Assets.xcassets; sourceTree = "<group>"; };
		780681441E4FA01A00826799 /* Base */ = {isa = PBXFileReference; lastKnownFileType = file.storyboard; name = Base; path = Base.lproj/LaunchScreen.storyboard; sourceTree = "<group>"; };
		780681461E4FA01A00826799 /* Info.plist */ = {isa = PBXFileReference; lastKnownFileType = text.plist.xml; path = Info.plist; sourceTree = "<group>"; };
/* End PBXFileReference section */

/* Begin PBXFrameworksBuildPhase section */
		780681341E4FA01A00826799 /* Frameworks */ = {
			isa = PBXFrameworksBuildPhase;
			buildActionMask = 2147483647;
			files = (
			);
			runOnlyForDeploymentPostprocessing = 0;
		};
/* End PBXFrameworksBuildPhase section */

/* Begin PBXGroup section */
		7806812E1E4FA01A00826799 = {
			isa = PBXGroup;
			children = (
				780681391E4FA01A00826799 /* OftenWorld */,
				780681381E4FA01A00826799 /* Products */,
			);
			sourceTree = "<group>";
		};
		780681381E4FA01A00826799 /* Products */ = {
			isa = PBXGroup;
			children = (
				780681371E4FA01A00826799 /* OftenWorld.app */,
			);
			name = Products;
			sourceTree = "<group>";
		};
		780681391E4FA01A00826799 /* OftenWorld */ = {
			isa = PBXGroup;
			children = (
				7806813A1E4FA01A00826799 /* AppDelegate.swift */,
				7806813C1E4FA01A00826799 /* ViewController.swift */,
				7806813E1E4FA01A00826799 /* Main.storyboard */,
				780681411E4FA01A00826799 /* Assets.xcassets */,
				780681431E4FA01A00826799 /* LaunchScreen.storyboard */,
				780681461E4FA01A00826799 /* Info.plist */,
			);
			path = OftenWorld;
			sourceTree = "<group>";
		};
/* End PBXGroup section */

/* Begin PBXNativeTarget section */
		780681361E4FA01A00826799 /* OftenWorld */ = {
			isa = PBXNativeTarget;
			buildConfigurationList = 780681491E4FA01A00826799 /* Build configuration list for PBXNativeTarget "OftenWorld" */;
			buildPhases = (
				780681331E4FA01A00826799 /* Sources */,
				780681341E4FA01A00826799 /* Frameworks */,
				780681351E4FA01A00826799 /* Resources */,
			);
			buildRules = (
			);
			dependencies = (
			);
			name = OftenWorld;
			productName = OftenWorld;
			productReference = 780681371E4FA01A00826799 /* OftenWorld.app */;
			productType = "com.apple.product-type.application";
		};
/* End PBXNativeTarget section */

/* Begin PBXProject section */
		7806812F1E4FA01A00826799 /* Project object */ = {
			isa = PBXProject;
			attributes = {
				LastSwiftUpdateCheck = 0820;
				LastUpgradeCheck = 0820;
				ORGANIZATIONNAME = Nazar;
				TargetAttributes = {
					780681361E4FA01A00826799 = {
						CreatedOnToolsVersion = 8.2.1;
						DevelopmentTeam = CSCETSS9EC;
						ProvisioningStyle = Automatic;
					};
				};
			};
			buildConfigurationList = 780681321E4FA01A00826799 /* Build configuration list for PBXProject "OftenWorld" */;
			compatibilityVersion = "Xcode 3.2";
			developmentRegion = English;
			hasScannedForEncodings = 0;
			knownRegions = (
				en,
				Base,
			);
			mainGroup = 7806812E1E4FA01A00826799;
			productRefGroup = 780681381E4FA01A00826799 /* Products */;
			projectDirPath = "";
			projectRoot = "";
			targets = (
				780681361E4FA01A00826799 /* OftenWorld */,
			);
		};
/* End PBXProject section */

/* Begin PBXResourcesBuildPhase section */
		780681351E4FA01A00826799 /* Resources */ = {
			isa = PBXResourcesBuildPhase;
			buildActionMask = 2147483647;
			files = (
				780681451E4FA01A00826799 /* LaunchScreen.storyboard in Resources */,
				780681421E4FA01A00826799 /* Assets.xcassets in Resources */,
				780681401E4FA01A00826799 /* Main.storyboard in Resources */,
			);
			runOnlyForDeploymentPostprocessing = 0;
		};
/* End PBXResourcesBuildPhase section */

/* Begin PBXSourcesBuildPhase section */
		780681331E4FA01A00826799 /* Sources */ = {
			isa = PBXSourcesBuildPhase;
			buildActionMask = 2147483647;
			files = (
				7806813D1E4FA01A00826799 /* ViewController.swift in Sources */,
				7806813B1E4FA01A00826799 /* AppDelegate.swift in Sources */,
			);
			runOnlyForDeploymentPostprocessing = 0;
		};
/* End PBXSourcesBuildPhase section */

/* Begin PBXVariantGroup section */
		7806813E1E4FA01A00826799 /* Main.storyboard */ = {
			isa = PBXVariantGroup;
			children = (
				7806813F1E4FA01A00826799 /* Base */,
			);
			name = Main.storyboard;
			sourceTree = "<group>";
		};
		780681431E4FA01A00826799 /* LaunchScreen.storyboard */ = {
			isa = PBXVariantGroup;
			children = (
				780681441E4FA01A00826799 /* Base */,
			);
			name = LaunchScreen.storyboard;
			sourceTree = "<group>";
		};
/* End PBXVariantGroup section */

/* Begin XCBuildConfiguration section */
		780681471E4FA01A00826799 /* Debug */ = {
			isa = XCBuildConfiguration;
			buildSettings = {
				ALWAYS_SEARCH_USER_PATHS = NO;
				CLANG_ANALYZER_NONNULL = YES;
				CLANG_CXX_LANGUAGE_STANDARD = "gnu++0x";
				CLANG_CXX_LIBRARY = "libc++";
				CLANG_ENABLE_MODULES = YES;
				CLANG_ENABLE_OBJC_ARC = YES;
				CLANG_WARN_BOOL_CONVERSION = YES;
				CLANG_WARN_CONSTANT_CONVERSION = YES;
				CLANG_WARN_DIRECT_OBJC_ISA_USAGE = YES_ERROR;
				CLANG_WARN_DOCUMENTATION_COMMENTS = YES;
				CLANG_WARN_EMPTY_BODY = YES;
				CLANG_WARN_ENUM_CONVERSION = YES;
				CLANG_WARN_INFINITE_RECURSION = YES;
				CLANG_WARN_INT_CONVERSION = YES;
				CLANG_WARN_OBJC_ROOT_CLASS = YES_ERROR;
				CLANG_WARN_SUSPICIOUS_MOVE = YES;
				CLANG_WARN_UNREACHABLE_CODE = YES;
				CLANG_WARN__DUPLICATE_METHOD_MATCH = YES;
				"CODE_SIGN_IDENTITY[sdk=iphoneos*]" = "iPhone Developer";
				COPY_PHASE_STRIP = NO;
				DEBUG_INFORMATION_FORMAT = dwarf;
				ENABLE_STRICT_OBJC_MSGSEND = YES;
				ENABLE_TESTABILITY = YES;
				GCC_C_LANGUAGE_STANDARD = gnu99;
				GCC_DYNAMIC_NO_PIC = NO;
				GCC_NO_COMMON_BLOCKS = YES;
				GCC_OPTIMIZATION_LEVEL = 0;
				GCC_PREPROCESSOR_DEFINITIONS = (
					"DEBUG=1",
					"$(inherited)",
				);
				GCC_WARN_64_TO_32_BIT_CONVERSION = YES;
				GCC_WARN_ABOUT_RETURN_TYPE = YES_ERROR;
				GCC_WARN_UNDECLARED_SELECTOR = YES;
				GCC_WARN_UNINITIALIZED_AUTOS = YES_AGGRESSIVE;
				GCC_WARN_UNUSED_FUNCTION = YES;
				GCC_WARN_UNUSED_VARIABLE = YES;
				IPHONEOS_DEPLOYMENT_TARGET = 10.2;
				MTL_ENABLE_DEBUG_INFO = YES;
				ONLY_ACTIVE_ARCH = YES;
				SDKROOT = iphoneos;
				SWIFT_ACTIVE_COMPILATION_CONDITIONS = DEBUG;
				SWIFT_OPTIMIZATION_LEVEL = "-Onone";
				TARGETED_DEVICE_FAMILY = "1,2";
			};
			name = Debug;
		};
		780681481E4FA01A00826799 /* Release */ = {
			isa = XCBuildConfiguration;
			buildSettings = {
				ALWAYS_SEARCH_USER_PATHS = NO;
				CLANG_ANALYZER_NONNULL = YES;
				CLANG_CXX_LANGUAGE_STANDARD = "gnu++0x";
				CLANG_CXX_LIBRARY = "libc++";
				CLANG_ENABLE_MODULES = YES;
				CLANG_ENABLE_OBJC_ARC = YES;
				CLANG_WARN_BOOL_CONVERSION = YES;
				CLANG_WARN_CONSTANT_CONVERSION = YES;
				CLANG_WARN_DIRECT_OBJC_ISA_USAGE = YES_ERROR;
				CLANG_WARN_DOCUMENTATION_COMMENTS = YES;
				CLANG_WARN_EMPTY_BODY = YES;
				CLANG_WARN_ENUM_CONVERSION = YES;
				CLANG_WARN_INFINITE_RECURSION = YES;
				CLANG_WARN_INT_CONVERSION = YES;
				CLANG_WARN_OBJC_ROOT_CLASS = YES_ERROR;
				CLANG_WARN_SUSPICIOUS_MOVE = YES;
				CLANG_WARN_UNREACHABLE_CODE = YES;
				CLANG_WARN__DUPLICATE_METHOD_MATCH = YES;
				"CODE_SIGN_IDENTITY[sdk=iphoneos*]" = "iPhone Developer";
				COPY_PHASE_STRIP = NO;
				DEBUG_INFORMATION_FORMAT = "dwarf-with-dsym";
				ENABLE_NS_ASSERTIONS = NO;
				ENABLE_STRICT_OBJC_MSGSEND = YES;
				GCC_C_LANGUAGE_STANDARD = gnu99;
				GCC_NO_COMMON_BLOCKS = YES;
				GCC_WARN_64_TO_32_BIT_CONVERSION = YES;
				GCC_WARN_ABOUT_RETURN_TYPE = YES_ERROR;
				GCC_WARN_UNDECLARED_SELECTOR = YES;
				GCC_WARN_UNINITIALIZED_AUTOS = YES_AGGRESSIVE;
				GCC_WARN_UNUSED_FUNCTION = YES;
				GCC_WARN_UNUSED_VARIABLE = YES;
				IPHONEOS_DEPLOYMENT_TARGET = 10.2;
				MTL_ENABLE_DEBUG_INFO = NO;
				SDKROOT = iphoneos;
				SWIFT_OPTIMIZATION_LEVEL = "-Owholemodule";
				TARGETED_DEVICE_FAMILY = "1,2";
				VALIDATE_PRODUCT = YES;
			};
			name = Release;
		};
		7806814A1E4FA01A00826799 /* Debug */ = {
			isa = XCBuildConfiguration;
			buildSettings = {
				ASSETCATALOG_COMPILER_APPICON_NAME = AppIcon;
				DEVELOPMENT_TEAM = CSCETSS9EC;
				INFOPLIST_FILE = OftenWorld/Info.plist;
				LD_RUNPATH_SEARCH_PATHS = "$(inherited) @executable_path/Frameworks";
				PRODUCT_BUNDLE_IDENTIFIER = P.OftenWorld;
				PRODUCT_NAME = "$(TARGET_NAME)";
				SWIFT_VERSION = 3.0;
			};
			name = Debug;
		};
		7806814B1E4FA01A00826799 /* Release */ = {
			isa = XCBuildConfiguration;
			buildSettings = {
				ASSETCATALOG_COMPILER_APPICON_NAME = AppIcon;
				DEVELOPMENT_TEAM = CSCETSS9EC;
				INFOPLIST_FILE = OftenWorld/Info.plist;
				LD_RUNPATH_SEARCH_PATHS = "$(inherited) @executable_path/Frameworks";
				PRODUCT_BUNDLE_IDENTIFIER = P.OftenWorld;
				PRODUCT_NAME = "$(TARGET_NAME)";
				SWIFT_VERSION = 3.0;
			};
			name = Release;
		};
/* End XCBuildConfiguration section */

/* Begin XCConfigurationList section */
		780681321E4FA01A00826799 /* Build configuration list for PBXProject "OftenWorld" */ = {
			isa = XCConfigurationList;
			buildConfigurations = (
				780681471E4FA01A00826799 /* Debug */,
				780681481E4FA01A00826799 /* Release */,
			);
			defaultConfigurationIsVisible = 0;
			defaultConfigurationName = Release;
		};
		780681491E4FA01A00826799 /* Build configuration list for PBXNativeTarget "OftenWorld" */ = {
			isa = XCConfigurationList;
			buildConfigurations = (
				7806814A1E4FA01A00826799 /* Debug */,
				7806814B1E4FA01A00826799 /* Release */,
			);
			defaultConfigurationIsVisible = 0;
		};
/* End XCConfigurationList section */
	};
	rootObject = 7806812F1E4FA01A00826799 /* Project object */;
}
